<Solution>
  <Project Path="../../src/Gestalt.Lib.Primitives/Gestalt.Lib.Primitives.csproj" />
  <Project Path="../../src/Gestalt.Lib.Domain/Gestalt.Lib.Domain.csproj" />
  <Project Path="../../src/Gestalt.Lib.Application/Gestalt.Lib.Application.csproj" />
  <Project Path="../../src/Gestalt.Lib.Infrastructure/Gestalt.Lib.Infrastructure.csproj" />
  <Project Path="../../src/Gestalt.Lib.Infrastructure.Email/Gestalt.Lib.Infrastructure.Email.csproj" />
  <Project Path="../../src/Gestalt.Lib.Presentation.Http/Gestalt.Lib.Presentation.Http.csproj" />
  <Project Path="../../src/Passport.Core.Domain/Passport.Core.Domain.csproj" />
  <Project Path="../../src/Passport.Core.Application/Passport.Core.Application.csproj" />
  <Project Path="../../src/Passport.Infrastructure/Passport.Infrastructure.csproj" />
  <Project Path="../../src/Passport.Presentation.Http/Passport.Presentation.Http.csproj" />
  <Project Path="../../src/Passport/Passport.csproj" />
  <Project Path="../../tests/Passport.Core.Domain.Tests/Passport.Core.Domain.Tests.csproj" />
  <Project Path="../../tests/Passport.Core.Application.Tests/Passport.Core.Application.Tests.csproj" />
  <Project Path="../../tests/Passport.IntegrationTests/Passport.IntegrationTests.csproj" />
</Solution>